{
    "_readme": [
        "This file locks the dependencies of your project to a known state",
        "Read more about it at https://getcomposer.org/doc/01-basic-usage.md#installing-dependencies",
        "This file is @generated automatically"
    ],
    "content-hash": "8055c66588a4d0df02350b6a32e6d035",
    "packages": [
        {
            "name": "kelvinwongg/yapi",
            "version": "dev-main",
            "dist": {
                "type": "path",
                "url": "../yapi",
                "reference": "d5abba2d3531926c46e3d64c3509c57eeaf07461"
            },
            "require-dev": {
                "phpunit/phpunit": "^9"
            },
            "type": "framework",
            "autoload": {
                "psr-4": {
                    "Kelvinwongg\\Yapi\\": "src/"
                },
                "files": [
                    "src/Util/Helper.php"
                ]
            },
            "license": [
                "GPL-3.0-only"
            ],
            "authors": [
                {
                    "name": "Kelvin Wong",
                    "email": "kelvinwongg@yahoo.com.hk"
                }
            ],
            "description": "A single declarative yaml document crud api cms framwork, or whatever",
            "transport-options": {
                "relative": true
            }
        }
    ],
    "packages-dev": [],
    "aliases": [],
    "minimum-stability": "dev",
    "stability-flags": {
        "kelvinwongg/yapi": 20
    },
    "prefer-stable": false,
    "prefer-lowest": false,
    "platform": [],
    "platform-dev": [],
    "plugin-api-version": "2.1.0"
}
